
Microsoft Visual Studio Solution File, Format Version 11.00
# Visual Studio 2010
Project("{FAE04EC0-301F-11D3-BF4B-00C04F79EFBC}") = "ggj-resurrection", "ggj-resurrection\ggj-resurrection\ggj-resurrection.csproj", "{BD3145D5-110A-4AAB-BF02-CC36A6BD1748}"
EndProject
Project("{FAE04EC0-301F-11D3-BF4B-00C04F79EFBC}") = "ggj-resurrectionContent", "ggj-resurrection\ggj-resurrectionContent\ggj-resurrectionContent.contentproj", "{DB53D611-5975-41CC-8443-EE8537BF2458}"
EndProject
Project("{FAE04EC0-301F-11D3-BF4B-00C04F79EFBC}") = "Farseer Physics XNA", "Farseer Physics Engine 3.3 XNA\Farseer Physics XNA.csproj", "{0A850700-1ABB-4288-A391-6726B90EBEB9}"
EndProject
Project("{FAE04EC0-301F-11D3-BF4B-00C04F79EFBC}") = "DebugView XNA", "DebugView XNA\DebugView XNA.csproj", "{FC7845FA-13FE-4FF8-822A-A577F3F59B00}"
EndProject
Global
	GlobalSection(SolutionConfigurationPlatforms) = preSolution
		Debug|x86 = Debug|x86
		Release|x86 = Release|x86
	EndGlobalSection
	GlobalSection(ProjectConfigurationPlatforms) = postSolution
		{BD3145D5-110A-4AAB-BF02-CC36A6BD1748}.Debug|x86.ActiveCfg = Debug|x86
		{BD3145D5-110A-4AAB-BF02-CC36A6BD1748}.Debug|x86.Build.0 = Debug|x86
		{BD3145D5-110A-4AAB-BF02-CC36A6BD1748}.Release|x86.ActiveCfg = Release|x86
		{BD3145D5-110A-4AAB-BF02-CC36A6BD1748}.Release|x86.Build.0 = Release|x86
		{DB53D611-5975-41CC-8443-EE8537BF2458}.Debug|x86.ActiveCfg = Debug|x86
		{DB53D611-5975-41CC-8443-EE8537BF2458}.Release|x86.ActiveCfg = Release|x86
		{0A850700-1ABB-4288-A391-6726B90EBEB9}.Debug|x86.ActiveCfg = Debug|x86
		{0A850700-1ABB-4288-A391-6726B90EBEB9}.Debug|x86.Build.0 = Debug|x86
		{0A850700-1ABB-4288-A391-6726B90EBEB9}.Release|x86.ActiveCfg = Release|x86
		{0A850700-1ABB-4288-A391-6726B90EBEB9}.Release|x86.Build.0 = Release|x86
		{FC7845FA-13FE-4FF8-822A-A577F3F59B00}.Debug|x86.ActiveCfg = Debug|x86
		{FC7845FA-13FE-4FF8-822A-A577F3F59B00}.Debug|x86.Build.0 = Debug|x86
		{FC7845FA-13FE-4FF8-822A-A577F3F59B00}.Release|x86.ActiveCfg = Release|x86
		{FC7845FA-13FE-4FF8-822A-A577F3F59B00}.Release|x86.Build.0 = Release|x86
	EndGlobalSection
	GlobalSection(SolutionProperties) = preSolution
		HideSolutionNode = FALSE
	EndGlobalSection
EndGlobal
